
Microsoft Visual Studio Solution File, Format Version 12.00
# Visual Studio 15
VisualStudioVersion = 15.0.26730.16
MinimumVisualStudioVersion = 10.0.40219.1
Project("{E24C65DC-7377-472B-9ABA-BC803B73C61A}") = "IPC2_Proyecto_Fase2", "..\..\..\Desktop\IPC2_Proyecto_Fase2\", "{301B8856-6661-4A72-ADA2-B94712AC3BD8}"
	ProjectSection(WebsiteProperties) = preProject
		TargetFrameworkMoniker = ".NETFramework,Version%3Dv4.6.1"
		Debug.AspNetCompiler.VirtualPath = "/localhost_3482"
		Debug.AspNetCompiler.PhysicalPath = "..\..\..\Desktop\IPC2_Proyecto_Fase2\"
		Debug.AspNetCompiler.TargetPath = "PrecompiledWeb\localhost_3482\"
		Debug.AspNetCompiler.Updateable = "true"
		Debug.AspNetCompiler.ForceOverwrite = "true"
		Debug.AspNetCompiler.FixedNames = "false"
		Debug.AspNetCompiler.Debug = "True"
		Release.AspNetCompiler.VirtualPath = "/localhost_3482"
		Release.AspNetCompiler.PhysicalPath = "..\..\..\Desktop\IPC2_Proyecto_Fase2\"
		Release.AspNetCompiler.TargetPath = "PrecompiledWeb\localhost_3482\"
		Release.AspNetCompiler.Updateable = "true"
		Release.AspNetCompiler.ForceOverwrite = "true"
		Release.AspNetCompiler.FixedNames = "false"
		Release.AspNetCompiler.Debug = "False"
		VWDPort = "3482"
		SlnRelativePath = "..\..\..\Desktop\IPC2_Proyecto_Fase2\"
		DefaultWebSiteLanguage = "Visual C#"
	EndProjectSection
EndProject
Global
	GlobalSection(SolutionConfigurationPlatforms) = preSolution
		Debug|Any CPU = Debug|Any CPU
	EndGlobalSection
	GlobalSection(ProjectConfigurationPlatforms) = postSolution
		{301B8856-6661-4A72-ADA2-B94712AC3BD8}.Debug|Any CPU.ActiveCfg = Debug|Any CPU
		{301B8856-6661-4A72-ADA2-B94712AC3BD8}.Debug|Any CPU.Build.0 = Debug|Any CPU
	EndGlobalSection
	GlobalSection(SolutionProperties) = preSolution
		HideSolutionNode = FALSE
	EndGlobalSection
	GlobalSection(ExtensibilityGlobals) = postSolution
		SolutionGuid = {F3BFDDB2-DC67-4624-817D-107C7A3F4C10}
	EndGlobalSection
EndGlobal
